
Microsoft Visual Studio Solution File, Format Version 12.00
# Visual Studio Version 17
VisualStudioVersion = 17.3.32825.248
MinimumVisualStudioVersion = 10.0.40219.1
Project("{8BC9CEB8-8B4A-11D0-8D11-00A0C91BC942}") = "mult", "mult.vcxproj", "{7C5EC17A-BA52-44D8-A92E-7E50D8D00486}"
EndProject
Global
	GlobalSection(SolutionConfigurationPlatforms) = preSolution
		Debug|x64 = Debug|x64
		Debug|x86 = Debug|x86
		Release|x64 = Release|x64
		Release|x86 = Release|x86
	EndGlobalSection
	GlobalSection(ProjectConfigurationPlatforms) = postSolution
		{7C5EC17A-BA52-44D8-A92E-7E50D8D00486}.Debug|x64.ActiveCfg = Debug|x64
		{7C5EC17A-BA52-44D8-A92E-7E50D8D00486}.Debug|x64.Build.0 = Debug|x64
		{7C5EC17A-BA52-44D8-A92E-7E50D8D00486}.Debug|x86.ActiveCfg = Debug|Win32
		{7C5EC17A-BA52-44D8-A92E-7E50D8D00486}.Debug|x86.Build.0 = Debug|Win32
		{7C5EC17A-BA52-44D8-A92E-7E50D8D00486}.Release|x64.ActiveCfg = Release|x64
		{7C5EC17A-BA52-44D8-A92E-7E50D8D00486}.Release|x64.Build.0 = Release|x64
		{7C5EC17A-BA52-44D8-A92E-7E50D8D00486}.Release|x86.ActiveCfg = Release|Win32
		{7C5EC17A-BA52-44D8-A92E-7E50D8D00486}.Release|x86.Build.0 = Release|Win32
	EndGlobalSection
	GlobalSection(SolutionProperties) = preSolution
		HideSolutionNode = FALSE
	EndGlobalSection
	GlobalSection(ExtensibilityGlobals) = postSolution
		SolutionGuid = {C011BDB0-B93F-491C-8C28-39201C086098}
	EndGlobalSection
EndGlobal
